// !$*UTF8*$!
{
	archiveVersion = 1;
	classes = {
	};
	objectVersion = 46;
	objects = {

/* Begin PBXBuildFile section */
		67298A461B18897400D2ECB3 /* Levenshteins Distance.swift in Sources */ = {isa = PBXBuildFile; fileRef = 67298A451B18897400D2ECB3 /* Levenshteins Distance.swift */; };
		677911B71B1888E900C4DB6C /* CSVScanner.swift in Sources */ = {isa = PBXBuildFile; fileRef = 677911B61B1888E900C4DB6C /* CSVScanner.swift */; };
		6780C9581B40C63F0082688D /* CountFunctions.swift in Sources */ = {isa = PBXBuildFile; fileRef = 6780C9571B40C63F0082688D /* CountFunctions.swift */; };
		6781CD5C1B1877A200250863 /* main.swift in Sources */ = {isa = PBXBuildFile; fileRef = 6781CD5B1B1877A200250863 /* main.swift */; };
		6781CD6D1B1877A200250863 /* Tweet_Novelty_DetectionTests.swift in Sources */ = {isa = PBXBuildFile; fileRef = 6781CD6C1B1877A200250863 /* Tweet_Novelty_DetectionTests.swift */; };
		678E961E1B1891EA00F14B28 /* FeaturesRetrieval.swift in Sources */ = {isa = PBXBuildFile; fileRef = 678E961D1B1891EA00F14B28 /* FeaturesRetrieval.swift */; };
		67F181261B60E21400A9EE62 /* SortByTaskID.swift in Sources */ = {isa = PBXBuildFile; fileRef = 67F181251B60E21400A9EE62 /* SortByTaskID.swift */; };
		67F4B1331B58F9020062B973 /* CalculateWithCSV.swift in Sources */ = {isa = PBXBuildFile; fileRef = 67F4B1321B58F9020062B973 /* CalculateWithCSV.swift */; };
		67F926761B604953007159BB /* Archive.swift in Sources */ = {isa = PBXBuildFile; fileRef = 67F926751B604953007159BB /* Archive.swift */; };
/* End PBXBuildFile section */

/* Begin PBXContainerItemProxy section */
		6781CD671B1877A200250863 /* PBXContainerItemProxy */ = {
			isa = PBXContainerItemProxy;
			containerPortal = 6781CD4E1B1877A200250863 /* Project object */;
			proxyType = 1;
			remoteGlobalIDString = 6781CD551B1877A200250863;
			remoteInfo = "Tweet Novelty Detection";
		};
/* End PBXContainerItemProxy section */

/* Begin PBXFileReference section */
		67298A451B18897400D2ECB3 /* Levenshteins Distance.swift */ = {isa = PBXFileReference; fileEncoding = 4; lastKnownFileType = sourcecode.swift; path = "Levenshteins Distance.swift"; sourceTree = "<group>"; };
		677911B61B1888E900C4DB6C /* CSVScanner.swift */ = {isa = PBXFileReference; fileEncoding = 4; lastKnownFileType = sourcecode.swift; path = CSVScanner.swift; sourceTree = "<group>"; };
		6780C9571B40C63F0082688D /* CountFunctions.swift */ = {isa = PBXFileReference; fileEncoding = 4; lastKnownFileType = sourcecode.swift; path = CountFunctions.swift; sourceTree = "<group>"; };
		6781CD561B1877A200250863 /* Tweet Novelty Detection.app */ = {isa = PBXFileReference; explicitFileType = wrapper.application; includeInIndex = 0; path = "Tweet Novelty Detection.app"; sourceTree = BUILT_PRODUCTS_DIR; };
		6781CD5A1B1877A200250863 /* Info.plist */ = {isa = PBXFileReference; lastKnownFileType = text.plist.xml; path = Info.plist; sourceTree = "<group>"; };
		6781CD5B1B1877A200250863 /* main.swift */ = {isa = PBXFileReference; lastKnownFileType = sourcecode.swift; path = main.swift; sourceTree = "<group>"; };
		6781CD661B1877A200250863 /* Tweet Novelty DetectionTests.xctest */ = {isa = PBXFileReference; explicitFileType = wrapper.cfbundle; includeInIndex = 0; path = "Tweet Novelty DetectionTests.xctest"; sourceTree = BUILT_PRODUCTS_DIR; };
		6781CD6B1B1877A200250863 /* Info.plist */ = {isa = PBXFileReference; lastKnownFileType = text.plist.xml; path = Info.plist; sourceTree = "<group>"; };
		6781CD6C1B1877A200250863 /* Tweet_Novelty_DetectionTests.swift */ = {isa = PBXFileReference; lastKnownFileType = sourcecode.swift; path = Tweet_Novelty_DetectionTests.swift; sourceTree = "<group>"; };
		678E961D1B1891EA00F14B28 /* FeaturesRetrieval.swift */ = {isa = PBXFileReference; fileEncoding = 4; lastKnownFileType = sourcecode.swift; path = FeaturesRetrieval.swift; sourceTree = "<group>"; };
		67F181251B60E21400A9EE62 /* SortByTaskID.swift */ = {isa = PBXFileReference; fileEncoding = 4; lastKnownFileType = sourcecode.swift; path = SortByTaskID.swift; sourceTree = "<group>"; };
		67F4B1321B58F9020062B973 /* CalculateWithCSV.swift */ = {isa = PBXFileReference; fileEncoding = 4; lastKnownFileType = sourcecode.swift; path = CalculateWithCSV.swift; sourceTree = "<group>"; };
		67F926751B604953007159BB /* Archive.swift */ = {isa = PBXFileReference; fileEncoding = 4; lastKnownFileType = sourcecode.swift; path = Archive.swift; sourceTree = "<group>"; };
/* End PBXFileReference section */

/* Begin PBXFrameworksBuildPhase section */
		6781CD531B1877A200250863 /* Frameworks */ = {
			isa = PBXFrameworksBuildPhase;
			buildActionMask = 2147483647;
			files = (
			);
			runOnlyForDeploymentPostprocessing = 0;
		};
		6781CD631B1877A200250863 /* Frameworks */ = {
			isa = PBXFrameworksBuildPhase;
			buildActionMask = 2147483647;
			files = (
			);
			runOnlyForDeploymentPostprocessing = 0;
		};
/* End PBXFrameworksBuildPhase section */

/* Begin PBXGroup section */
		6781CD4D1B1877A200250863 = {
			isa = PBXGroup;
			children = (
				6781CD581B1877A200250863 /* Tweet Novelty Detection */,
				6781CD691B1877A200250863 /* Tweet Novelty DetectionTests */,
				6781CD571B1877A200250863 /* Products */,
			);
			sourceTree = "<group>";
		};
		6781CD571B1877A200250863 /* Products */ = {
			isa = PBXGroup;
			children = (
				6781CD561B1877A200250863 /* Tweet Novelty Detection.app */,
				6781CD661B1877A200250863 /* Tweet Novelty DetectionTests.xctest */,
			);
			name = Products;
			sourceTree = "<group>";
		};
		6781CD581B1877A200250863 /* Tweet Novelty Detection */ = {
			isa = PBXGroup;
			children = (
				6781CD5B1B1877A200250863 /* main.swift */,
				67F926751B604953007159BB /* Archive.swift */,
				67F4B1321B58F9020062B973 /* CalculateWithCSV.swift */,
				67F181251B60E21400A9EE62 /* SortByTaskID.swift */,
				678E961D1B1891EA00F14B28 /* FeaturesRetrieval.swift */,
				6780C9571B40C63F0082688D /* CountFunctions.swift */,
				677911B61B1888E900C4DB6C /* CSVScanner.swift */,
				67298A451B18897400D2ECB3 /* Levenshteins Distance.swift */,
				6781CD591B1877A200250863 /* Supporting Files */,
			);
			path = "Tweet Novelty Detection";
			sourceTree = "<group>";
		};
		6781CD591B1877A200250863 /* Supporting Files */ = {
			isa = PBXGroup;
			children = (
				6781CD5A1B1877A200250863 /* Info.plist */,
			);
			name = "Supporting Files";
			sourceTree = "<group>";
		};
		6781CD691B1877A200250863 /* Tweet Novelty DetectionTests */ = {
			isa = PBXGroup;
			children = (
				6781CD6C1B1877A200250863 /* Tweet_Novelty_DetectionTests.swift */,
				6781CD6A1B1877A200250863 /* Supporting Files */,
			);
			path = "Tweet Novelty DetectionTests";
			sourceTree = "<group>";
		};
		6781CD6A1B1877A200250863 /* Supporting Files */ = {
			isa = PBXGroup;
			children = (
				6781CD6B1B1877A200250863 /* Info.plist */,
			);
			name = "Supporting Files";
			sourceTree = "<group>";
		};
/* End PBXGroup section */

/* Begin PBXNativeTarget section */
		6781CD551B1877A200250863 /* Tweet Novelty Detection */ = {
			isa = PBXNativeTarget;
			buildConfigurationList = 6781CD701B1877A200250863 /* Build configuration list for PBXNativeTarget "Tweet Novelty Detection" */;
			buildPhases = (
				6781CD521B1877A200250863 /* Sources */,
				6781CD531B1877A200250863 /* Frameworks */,
				6781CD541B1877A200250863 /* Resources */,
			);
			buildRules = (
			);
			dependencies = (
			);
			name = "Tweet Novelty Detection";
			productName = "Tweet Novelty Detection";
			productReference = 6781CD561B1877A200250863 /* Tweet Novelty Detection.app */;
			productType = "com.apple.product-type.application";
		};
		6781CD651B1877A200250863 /* Tweet Novelty DetectionTests */ = {
			isa = PBXNativeTarget;
			buildConfigurationList = 6781CD731B1877A200250863 /* Build configuration list for PBXNativeTarget "Tweet Novelty DetectionTests" */;
			buildPhases = (
				6781CD621B1877A200250863 /* Sources */,
				6781CD631B1877A200250863 /* Frameworks */,
				6781CD641B1877A200250863 /* Resources */,
			);
			buildRules = (
			);
			dependencies = (
				6781CD681B1877A200250863 /* PBXTargetDependency */,
			);
			name = "Tweet Novelty DetectionTests";
			productName = "Tweet Novelty DetectionTests";
			productReference = 6781CD661B1877A200250863 /* Tweet Novelty DetectionTests.xctest */;
			productType = "com.apple.product-type.bundle.unit-test";
		};
/* End PBXNativeTarget section */

/* Begin PBXProject section */
		6781CD4E1B1877A200250863 /* Project object */ = {
			isa = PBXProject;
			attributes = {
				LastSwiftUpdateCheck = 0700;
				LastUpgradeCheck = 0630;
				ORGANIZATIONNAME = "Wenjie Zhong";
				TargetAttributes = {
					6781CD551B1877A200250863 = {
						CreatedOnToolsVersion = 6.3.2;
					};
					6781CD651B1877A200250863 = {
						CreatedOnToolsVersion = 6.3.2;
						TestTargetID = 6781CD551B1877A200250863;
					};
				};
			};
			buildConfigurationList = 6781CD511B1877A200250863 /* Build configuration list for PBXProject "Tweet Novelty Detection" */;
			compatibilityVersion = "Xcode 3.2";
			developmentRegion = English;
			hasScannedForEncodings = 0;
			knownRegions = (
				en,
				Base,
			);
			mainGroup = 6781CD4D1B1877A200250863;
			productRefGroup = 6781CD571B1877A200250863 /* Products */;
			projectDirPath = "";
			projectRoot = "";
			targets = (
				6781CD551B1877A200250863 /* Tweet Novelty Detection */,
				6781CD651B1877A200250863 /* Tweet Novelty DetectionTests */,
			);
		};
/* End PBXProject section */

/* Begin PBXResourcesBuildPhase section */
		6781CD541B1877A200250863 /* Resources */ = {
			isa = PBXResourcesBuildPhase;
			buildActionMask = 2147483647;
			files = (
			);
			runOnlyForDeploymentPostprocessing = 0;
		};
		6781CD641B1877A200250863 /* Resources */ = {
			isa = PBXResourcesBuildPhase;
			buildActionMask = 2147483647;
			files = (
			);
			runOnlyForDeploymentPostprocessing = 0;
		};
/* End PBXResourcesBuildPhase section */

/* Begin PBXSourcesBuildPhase section */
		6781CD521B1877A200250863 /* Sources */ = {
			isa = PBXSourcesBuildPhase;
			buildActionMask = 2147483647;
			files = (
				67F181261B60E21400A9EE62 /* SortByTaskID.swift in Sources */,
				67298A461B18897400D2ECB3 /* Levenshteins Distance.swift in Sources */,
				6780C9581B40C63F0082688D /* CountFunctions.swift in Sources */,
				678E961E1B1891EA00F14B28 /* FeaturesRetrieval.swift in Sources */,
				67F4B1331B58F9020062B973 /* CalculateWithCSV.swift in Sources */,
				6781CD5C1B1877A200250863 /* main.swift in Sources */,
				677911B71B1888E900C4DB6C /* CSVScanner.swift in Sources */,
				67F926761B604953007159BB /* Archive.swift in Sources */,
			);
			runOnlyForDeploymentPostprocessing = 0;
		};
		6781CD621B1877A200250863 /* Sources */ = {
			isa = PBXSourcesBuildPhase;
			buildActionMask = 2147483647;
			files = (
				6781CD6D1B1877A200250863 /* Tweet_Novelty_DetectionTests.swift in Sources */,
			);
			runOnlyForDeploymentPostprocessing = 0;
		};
/* End PBXSourcesBuildPhase section */

/* Begin PBXTargetDependency section */
		6781CD681B1877A200250863 /* PBXTargetDependency */ = {
			isa = PBXTargetDependency;
			target = 6781CD551B1877A200250863 /* Tweet Novelty Detection */;
			targetProxy = 6781CD671B1877A200250863 /* PBXContainerItemProxy */;
		};
/* End PBXTargetDependency section */

/* Begin XCBuildConfiguration section */
		6781CD6E1B1877A200250863 /* Debug */ = {
			isa = XCBuildConfiguration;
			buildSettings = {
				ALWAYS_SEARCH_USER_PATHS = NO;
				CLANG_CXX_LANGUAGE_STANDARD = "gnu++0x";
				CLANG_CXX_LIBRARY = "libc++";
				CLANG_ENABLE_MODULES = YES;
				CLANG_ENABLE_OBJC_ARC = YES;
				CLANG_WARN_BOOL_CONVERSION = YES;
				CLANG_WARN_CONSTANT_CONVERSION = YES;
				CLANG_WARN_DIRECT_OBJC_ISA_USAGE = YES_ERROR;
				CLANG_WARN_EMPTY_BODY = YES;
				CLANG_WARN_ENUM_CONVERSION = YES;
				CLANG_WARN_INT_CONVERSION = YES;
				CLANG_WARN_OBJC_ROOT_CLASS = YES_ERROR;
				CLANG_WARN_UNREACHABLE_CODE = YES;
				CLANG_WARN__DUPLICATE_METHOD_MATCH = YES;
				CODE_SIGN_IDENTITY = "-";
				COPY_PHASE_STRIP = NO;
				DEBUG_INFORMATION_FORMAT = dwarf;
				ENABLE_STRICT_OBJC_MSGSEND = YES;
				GCC_C_LANGUAGE_STANDARD = gnu99;
				GCC_DYNAMIC_NO_PIC = NO;
				GCC_NO_COMMON_BLOCKS = YES;
				GCC_OPTIMIZATION_LEVEL = 0;
				GCC_PREPROCESSOR_DEFINITIONS = (
					"DEBUG=1",
					"$(inherited)",
				);
				GCC_SYMBOLS_PRIVATE_EXTERN = NO;
				GCC_WARN_64_TO_32_BIT_CONVERSION = YES;
				GCC_WARN_ABOUT_RETURN_TYPE = YES_ERROR;
				GCC_WARN_UNDECLARED_SELECTOR = YES;
				GCC_WARN_UNINITIALIZED_AUTOS = YES_AGGRESSIVE;
				GCC_WARN_UNUSED_FUNCTION = YES;
				GCC_WARN_UNUSED_VARIABLE = YES;
				MACOSX_DEPLOYMENT_TARGET = 10.10;
				MTL_ENABLE_DEBUG_INFO = YES;
				ONLY_ACTIVE_ARCH = YES;
				SDKROOT = macosx;
				SWIFT_OPTIMIZATION_LEVEL = "-Onone";
			};
			name = Debug;
		};
		6781CD6F1B1877A200250863 /* Release */ = {
			isa = XCBuildConfiguration;
			buildSettings = {
				ALWAYS_SEARCH_USER_PATHS = NO;
				CLANG_CXX_LANGUAGE_STANDARD = "gnu++0x";
				CLANG_CXX_LIBRARY = "libc++";
				CLANG_ENABLE_MODULES = YES;
				CLANG_ENABLE_OBJC_ARC = YES;
				CLANG_WARN_BOOL_CONVERSION = YES;
				CLANG_WARN_CONSTANT_CONVERSION = YES;
				CLANG_WARN_DIRECT_OBJC_ISA_USAGE = YES_ERROR;
				CLANG_WARN_EMPTY_BODY = YES;
				CLANG_WARN_ENUM_CONVERSION = YES;
				CLANG_WARN_INT_CONVERSION = YES;
				CLANG_WARN_OBJC_ROOT_CLASS = YES_ERROR;
				CLANG_WARN_UNREACHABLE_CODE = YES;
				CLANG_WARN__DUPLICATE_METHOD_MATCH = YES;
				CODE_SIGN_IDENTITY = "-";
				COPY_PHASE_STRIP = NO;
				DEBUG_INFORMATION_FORMAT = "dwarf-with-dsym";
				ENABLE_NS_ASSERTIONS = NO;
				ENABLE_STRICT_OBJC_MSGSEND = YES;
				GCC_C_LANGUAGE_STANDARD = gnu99;
				GCC_NO_COMMON_BLOCKS = YES;
				GCC_WARN_64_TO_32_BIT_CONVERSION = YES;
				GCC_WARN_ABOUT_RETURN_TYPE = YES_ERROR;
				GCC_WARN_UNDECLARED_SELECTOR = YES;
				GCC_WARN_UNINITIALIZED_AUTOS = YES_AGGRESSIVE;
				GCC_WARN_UNUSED_FUNCTION = YES;
				GCC_WARN_UNUSED_VARIABLE = YES;
				MACOSX_DEPLOYMENT_TARGET = 10.10;
				MTL_ENABLE_DEBUG_INFO = NO;
				SDKROOT = macosx;
			};
			name = Release;
		};
		6781CD711B1877A200250863 /* Debug */ = {
			isa = XCBuildConfiguration;
			buildSettings = {
				ASSETCATALOG_COMPILER_APPICON_NAME = AppIcon;
				COMBINE_HIDPI_IMAGES = YES;
				INFOPLIST_FILE = "Tweet Novelty Detection/Info.plist";
				LD_RUNPATH_SEARCH_PATHS = "$(inherited) @executable_path/../Frameworks";
				PRODUCT_NAME = "$(TARGET_NAME)";
			};
			name = Debug;
		};
		6781CD721B1877A200250863 /* Release */ = {
			isa = XCBuildConfiguration;
			buildSettings = {
				ASSETCATALOG_COMPILER_APPICON_NAME = AppIcon;
				COMBINE_HIDPI_IMAGES = YES;
				INFOPLIST_FILE = "Tweet Novelty Detection/Info.plist";
				LD_RUNPATH_SEARCH_PATHS = "$(inherited) @executable_path/../Frameworks";
				PRODUCT_NAME = "$(TARGET_NAME)";
			};
			name = Release;
		};
		6781CD741B1877A200250863 /* Debug */ = {
			isa = XCBuildConfiguration;
			buildSettings = {
				BUNDLE_LOADER = "$(TEST_HOST)";
				COMBINE_HIDPI_IMAGES = YES;
				FRAMEWORK_SEARCH_PATHS = (
					"$(DEVELOPER_FRAMEWORKS_DIR)",
					"$(inherited)",
				);
				GCC_PREPROCESSOR_DEFINITIONS = (
					"DEBUG=1",
					"$(inherited)",
				);
				INFOPLIST_FILE = "Tweet Novelty DetectionTests/Info.plist";
				LD_RUNPATH_SEARCH_PATHS = "$(inherited) @executable_path/../Frameworks @loader_path/../Frameworks";
				PRODUCT_NAME = "$(TARGET_NAME)";
				TEST_HOST = "$(BUILT_PRODUCTS_DIR)/Tweet Novelty Detection.app/Contents/MacOS/Tweet Novelty Detection";
			};
			name = Debug;
		};
		6781CD751B1877A200250863 /* Release */ = {
			isa = XCBuildConfiguration;
			buildSettings = {
				BUNDLE_LOADER = "$(TEST_HOST)";
				COMBINE_HIDPI_IMAGES = YES;
				FRAMEWORK_SEARCH_PATHS = (
					"$(DEVELOPER_FRAMEWORKS_DIR)",
					"$(inherited)",
				);
				INFOPLIST_FILE = "Tweet Novelty DetectionTests/Info.plist";
				LD_RUNPATH_SEARCH_PATHS = "$(inherited) @executable_path/../Frameworks @loader_path/../Frameworks";
				PRODUCT_NAME = "$(TARGET_NAME)";
				TEST_HOST = "$(BUILT_PRODUCTS_DIR)/Tweet Novelty Detection.app/Contents/MacOS/Tweet Novelty Detection";
			};
			name = Release;
		};
/* End XCBuildConfiguration section */

/* Begin XCConfigurationList section */
		6781CD511B1877A200250863 /* Build configuration list for PBXProject "Tweet Novelty Detection" */ = {
			isa = XCConfigurationList;
			buildConfigurations = (
				6781CD6E1B1877A200250863 /* Debug */,
				6781CD6F1B1877A200250863 /* Release */,
			);
			defaultConfigurationIsVisible = 0;
			defaultConfigurationName = Release;
		};
		6781CD701B1877A200250863 /* Build configuration list for PBXNativeTarget "Tweet Novelty Detection" */ = {
			isa = XCConfigurationList;
			buildConfigurations = (
				6781CD711B1877A200250863 /* Debug */,
				6781CD721B1877A200250863 /* Release */,
			);
			defaultConfigurationIsVisible = 0;
			defaultConfigurationName = Release;
		};
		6781CD731B1877A200250863 /* Build configuration list for PBXNativeTarget "Tweet Novelty DetectionTests" */ = {
			isa = XCConfigurationList;
			buildConfigurations = (
				6781CD741B1877A200250863 /* Debug */,
				6781CD751B1877A200250863 /* Release */,
			);
			defaultConfigurationIsVisible = 0;
			defaultConfigurationName = Release;
		};
/* End XCConfigurationList section */
	};
	rootObject = 6781CD4E1B1877A200250863 /* Project object */;
}
